
Microsoft Visual Studio Solution File, Format Version 12.00
# Visual Studio 15
VisualStudioVersion = 15.0.28010.2016
MinimumVisualStudioVersion = 10.0.40219.1
Project("{FAE04EC0-301F-11D3-BF4B-00C04F79EFBC}") = "Web_API_CRUD_Cliente", "Web_API_CRUD_Cliente\Web_API_CRUD_Cliente.csproj", "{34CFCB80-B446-4C56-90B3-BBF83A75ED3C}"
EndProject
Project("{FAE04EC0-301F-11D3-BF4B-00C04F79EFBC}") = "Mvc_Cliente", "Mvc_Cliente\Mvc_Cliente.csproj", "{F4C987AA-5170-4738-A649-541D1728B591}"
EndProject
Global
	GlobalSection(SolutionConfigurationPlatforms) = preSolution
		Debug|Any CPU = Debug|Any CPU
		Release|Any CPU = Release|Any CPU
	EndGlobalSection
	GlobalSection(ProjectConfigurationPlatforms) = postSolution
		{34CFCB80-B446-4C56-90B3-BBF83A75ED3C}.Debug|Any CPU.ActiveCfg = Debug|Any CPU
		{34CFCB80-B446-4C56-90B3-BBF83A75ED3C}.Debug|Any CPU.Build.0 = Debug|Any CPU
		{34CFCB80-B446-4C56-90B3-BBF83A75ED3C}.Release|Any CPU.ActiveCfg = Release|Any CPU
		{34CFCB80-B446-4C56-90B3-BBF83A75ED3C}.Release|Any CPU.Build.0 = Release|Any CPU
		{F4C987AA-5170-4738-A649-541D1728B591}.Debug|Any CPU.ActiveCfg = Debug|Any CPU
		{F4C987AA-5170-4738-A649-541D1728B591}.Debug|Any CPU.Build.0 = Debug|Any CPU
		{F4C987AA-5170-4738-A649-541D1728B591}.Release|Any CPU.ActiveCfg = Release|Any CPU
		{F4C987AA-5170-4738-A649-541D1728B591}.Release|Any CPU.Build.0 = Release|Any CPU
	EndGlobalSection
	GlobalSection(SolutionProperties) = preSolution
		HideSolutionNode = FALSE
	EndGlobalSection
	GlobalSection(ExtensibilityGlobals) = postSolution
		SolutionGuid = {C4420A7B-EB7C-449D-85BF-94823562D70C}
	EndGlobalSection
EndGlobal
